
Microsoft Visual Studio Solution File, Format Version 12.00
# Visual Studio Version 17
VisualStudioVersion = 17.9.34723.18
MinimumVisualStudioVersion = 10.0.40219.1
Project("{FAE04EC0-301F-11D3-BF4B-00C04F79EFBC}") = "EAC2_Exercici3", "EAC2_Exercici3.csproj", "{CAB99EEE-F7CD-4AFB-A1A3-7BCC8A7977BA}"
EndProject
Global
	GlobalSection(SolutionConfigurationPlatforms) = preSolution
		Debug|Any CPU = Debug|Any CPU
		Release|Any CPU = Release|Any CPU
	EndGlobalSection
	GlobalSection(ProjectConfigurationPlatforms) = postSolution
		{CAB99EEE-F7CD-4AFB-A1A3-7BCC8A7977BA}.Debug|Any CPU.ActiveCfg = Debug|Any CPU
		{CAB99EEE-F7CD-4AFB-A1A3-7BCC8A7977BA}.Debug|Any CPU.Build.0 = Debug|Any CPU
		{CAB99EEE-F7CD-4AFB-A1A3-7BCC8A7977BA}.Release|Any CPU.ActiveCfg = Release|Any CPU
		{CAB99EEE-F7CD-4AFB-A1A3-7BCC8A7977BA}.Release|Any CPU.Build.0 = Release|Any CPU
	EndGlobalSection
	GlobalSection(SolutionProperties) = preSolution
		HideSolutionNode = FALSE
	EndGlobalSection
	GlobalSection(ExtensibilityGlobals) = postSolution
		SolutionGuid = {020E536B-086C-4E08-B070-13E4D0288E05}
	EndGlobalSection
EndGlobal
